// !$*UTF8*$!
{
	archiveVersion = 1;
	classes = {
	};
	objectVersion = 46;
	objects = {

/* Begin PBXBuildFile section */
		3FB6C6FEF60570AC8E4C209E /* Pods_DraggableImageView.framework in Frameworks */ = {isa = PBXBuildFile; fileRef = B6EC6BD48F9C7F5E2267A70E /* Pods_DraggableImageView.framework */; };
		D9F3BF791C54263F00382BE3 /* AppDelegate.swift in Sources */ = {isa = PBXBuildFile; fileRef = D9F3BF781C54263F00382BE3 /* AppDelegate.swift */; };
		D9F3BF7B1C54263F00382BE3 /* ViewController.swift in Sources */ = {isa = PBXBuildFile; fileRef = D9F3BF7A1C54263F00382BE3 /* ViewController.swift */; };
		D9F3BF7E1C54263F00382BE3 /* Main.storyboard in Resources */ = {isa = PBXBuildFile; fileRef = D9F3BF7C1C54263F00382BE3 /* Main.storyboard */; };
		D9F3BF801C54263F00382BE3 /* Assets.xcassets in Resources */ = {isa = PBXBuildFile; fileRef = D9F3BF7F1C54263F00382BE3 /* Assets.xcassets */; };
		D9F3BF831C54263F00382BE3 /* LaunchScreen.storyboard in Resources */ = {isa = PBXBuildFile; fileRef = D9F3BF811C54263F00382BE3 /* LaunchScreen.storyboard */; };
		D9F3BF8B1C54265900382BE3 /* DraggableImageView.swift in Sources */ = {isa = PBXBuildFile; fileRef = D9F3BF8A1C54265900382BE3 /* DraggableImageView.swift */; };
/* End PBXBuildFile section */

/* Begin PBXFileReference section */
		42681D448CF11C8590306E1E /* Pods-DraggableImageView.release.xcconfig */ = {isa = PBXFileReference; includeInIndex = 1; lastKnownFileType = text.xcconfig; name = "Pods-DraggableImageView.release.xcconfig"; path = "Pods/Target Support Files/Pods-DraggableImageView/Pods-DraggableImageView.release.xcconfig"; sourceTree = "<group>"; };
		44ED35E82582630B7D80B4FE /* Pods-DraggableImageView.debug.xcconfig */ = {isa = PBXFileReference; includeInIndex = 1; lastKnownFileType = text.xcconfig; name = "Pods-DraggableImageView.debug.xcconfig"; path = "Pods/Target Support Files/Pods-DraggableImageView/Pods-DraggableImageView.debug.xcconfig"; sourceTree = "<group>"; };
		B6EC6BD48F9C7F5E2267A70E /* Pods_DraggableImageView.framework */ = {isa = PBXFileReference; explicitFileType = wrapper.framework; includeInIndex = 0; path = Pods_DraggableImageView.framework; sourceTree = BUILT_PRODUCTS_DIR; };
		D9F3BF751C54263F00382BE3 /* DraggableImageView.app */ = {isa = PBXFileReference; explicitFileType = wrapper.application; includeInIndex = 0; path = DraggableImageView.app; sourceTree = BUILT_PRODUCTS_DIR; };
		D9F3BF781C54263F00382BE3 /* AppDelegate.swift */ = {isa = PBXFileReference; lastKnownFileType = sourcecode.swift; path = AppDelegate.swift; sourceTree = "<group>"; };
		D9F3BF7A1C54263F00382BE3 /* ViewController.swift */ = {isa = PBXFileReference; lastKnownFileType = sourcecode.swift; path = ViewController.swift; sourceTree = "<group>"; };
		D9F3BF7D1C54263F00382BE3 /* Base */ = {isa = PBXFileReference; lastKnownFileType = file.storyboard; name = Base; path = Base.lproj/Main.storyboard; sourceTree = "<group>"; };
		D9F3BF7F1C54263F00382BE3 /* Assets.xcassets */ = {isa = PBXFileReference; lastKnownFileType = folder.assetcatalog; path = Assets.xcassets; sourceTree = "<group>"; };
		D9F3BF821C54263F00382BE3 /* Base */ = {isa = PBXFileReference; lastKnownFileType = file.storyboard; name = Base; path = Base.lproj/LaunchScreen.storyboard; sourceTree = "<group>"; };
		D9F3BF841C54263F00382BE3 /* Info.plist */ = {isa = PBXFileReference; lastKnownFileType = text.plist.xml; path = Info.plist; sourceTree = "<group>"; };
		D9F3BF8A1C54265900382BE3 /* DraggableImageView.swift */ = {isa = PBXFileReference; fileEncoding = 4; lastKnownFileType = sourcecode.swift; path = DraggableImageView.swift; sourceTree = "<group>"; };
/* End PBXFileReference section */

/* Begin PBXFrameworksBuildPhase section */
		D9F3BF721C54263F00382BE3 /* Frameworks */ = {
			isa = PBXFrameworksBuildPhase;
			buildActionMask = 2147483647;
			files = (
				3FB6C6FEF60570AC8E4C209E /* Pods_DraggableImageView.framework in Frameworks */,
			);
			runOnlyForDeploymentPostprocessing = 0;
		};
/* End PBXFrameworksBuildPhase section */

/* Begin PBXGroup section */
		43CEC32E963A09BB34F2B690 /* Frameworks */ = {
			isa = PBXGroup;
			children = (
				B6EC6BD48F9C7F5E2267A70E /* Pods_DraggableImageView.framework */,
			);
			name = Frameworks;
			sourceTree = "<group>";
		};
		D9F3BF6C1C54263F00382BE3 = {
			isa = PBXGroup;
			children = (
				D9F3BF771C54263F00382BE3 /* DraggableImageView */,
				D9F3BF761C54263F00382BE3 /* Products */,
				EA7E2F6AE5837A8489B65773 /* Pods */,
				43CEC32E963A09BB34F2B690 /* Frameworks */,
			);
			sourceTree = "<group>";
		};
		D9F3BF761C54263F00382BE3 /* Products */ = {
			isa = PBXGroup;
			children = (
				D9F3BF751C54263F00382BE3 /* DraggableImageView.app */,
			);
			name = Products;
			sourceTree = "<group>";
		};
		D9F3BF771C54263F00382BE3 /* DraggableImageView */ = {
			isa = PBXGroup;
			children = (
				D9F3BF781C54263F00382BE3 /* AppDelegate.swift */,
				D9F3BF7A1C54263F00382BE3 /* ViewController.swift */,
				D9F3BF7C1C54263F00382BE3 /* Main.storyboard */,
				D9F3BF8A1C54265900382BE3 /* DraggableImageView.swift */,
				D9F3BF7F1C54263F00382BE3 /* Assets.xcassets */,
				D9F3BF811C54263F00382BE3 /* LaunchScreen.storyboard */,
				D9F3BF841C54263F00382BE3 /* Info.plist */,
			);
			path = DraggableImageView;
			sourceTree = "<group>";
		};
		EA7E2F6AE5837A8489B65773 /* Pods */ = {
			isa = PBXGroup;
			children = (
				44ED35E82582630B7D80B4FE /* Pods-DraggableImageView.debug.xcconfig */,
				42681D448CF11C8590306E1E /* Pods-DraggableImageView.release.xcconfig */,
			);
			name = Pods;
			sourceTree = "<group>";
		};
/* End PBXGroup section */

/* Begin PBXNativeTarget section */
		D9F3BF741C54263F00382BE3 /* DraggableImageView */ = {
			isa = PBXNativeTarget;
			buildConfigurationList = D9F3BF871C54263F00382BE3 /* Build configuration list for PBXNativeTarget "DraggableImageView" */;
			buildPhases = (
				B312803A4D92600C403B8D4C /* Check Pods Manifest.lock */,
				D9F3BF711C54263F00382BE3 /* Sources */,
				D9F3BF721C54263F00382BE3 /* Frameworks */,
				D9F3BF731C54263F00382BE3 /* Resources */,
				E6B44990D7A8FA1E5E04C251 /* Embed Pods Frameworks */,
				35C85310385709E01B0B91D3 /* Copy Pods Resources */,
			);
			buildRules = (
			);
			dependencies = (
			);
			name = DraggableImageView;
			productName = DraggableImageView;
			productReference = D9F3BF751C54263F00382BE3 /* DraggableImageView.app */;
			productType = "com.apple.product-type.application";
		};
/* End PBXNativeTarget section */

/* Begin PBXProject section */
		D9F3BF6D1C54263F00382BE3 /* Project object */ = {
			isa = PBXProject;
			attributes = {
				LastSwiftUpdateCheck = 0730;
				LastUpgradeCheck = 0730;
				ORGANIZATIONNAME = "Matt Blessed";
				TargetAttributes = {
					D9F3BF741C54263F00382BE3 = {
						CreatedOnToolsVersion = 7.3;
						DevelopmentTeam = T349D9ANJX;
					};
				};
			};
			buildConfigurationList = D9F3BF701C54263F00382BE3 /* Build configuration list for PBXProject "DraggableImageView" */;
			compatibilityVersion = "Xcode 3.2";
			developmentRegion = English;
			hasScannedForEncodings = 0;
			knownRegions = (
				en,
				Base,
			);
			mainGroup = D9F3BF6C1C54263F00382BE3;
			productRefGroup = D9F3BF761C54263F00382BE3 /* Products */;
			projectDirPath = "";
			projectRoot = "";
			targets = (
				D9F3BF741C54263F00382BE3 /* DraggableImageView */,
			);
		};
/* End PBXProject section */

/* Begin PBXResourcesBuildPhase section */
		D9F3BF731C54263F00382BE3 /* Resources */ = {
			isa = PBXResourcesBuildPhase;
			buildActionMask = 2147483647;
			files = (
				D9F3BF831C54263F00382BE3 /* LaunchScreen.storyboard in Resources */,
				D9F3BF801C54263F00382BE3 /* Assets.xcassets in Resources */,
				D9F3BF7E1C54263F00382BE3 /* Main.storyboard in Resources */,
			);
			runOnlyForDeploymentPostprocessing = 0;
		};
/* End PBXResourcesBuildPhase section */

/* Begin PBXShellScriptBuildPhase section */
		35C85310385709E01B0B91D3 /* Copy Pods Resources */ = {
			isa = PBXShellScriptBuildPhase;
			buildActionMask = 2147483647;
			files = (
			);
			inputPaths = (
			);
			name = "Copy Pods Resources";
			outputPaths = (
			);
			runOnlyForDeploymentPostprocessing = 0;
			shellPath = /bin/sh;
			shellScript = "\"${SRCROOT}/Pods/Target Support Files/Pods-DraggableImageView/Pods-DraggableImageView-resources.sh\"\n";
			showEnvVarsInLog = 0;
		};
		B312803A4D92600C403B8D4C /* Check Pods Manifest.lock */ = {
			isa = PBXShellScriptBuildPhase;
			buildActionMask = 2147483647;
			files = (
			);
			inputPaths = (
			);
			name = "Check Pods Manifest.lock";
			outputPaths = (
			);
			runOnlyForDeploymentPostprocessing = 0;
			shellPath = /bin/sh;
			shellScript = "diff \"${PODS_ROOT}/../Podfile.lock\" \"${PODS_ROOT}/Manifest.lock\" > /dev/null\nif [[ $? != 0 ]] ; then\n    cat << EOM\nerror: The sandbox is not in sync with the Podfile.lock. Run 'pod install' or update your CocoaPods installation.\nEOM\n    exit 1\nfi\n";
			showEnvVarsInLog = 0;
		};
		E6B44990D7A8FA1E5E04C251 /* Embed Pods Frameworks */ = {
			isa = PBXShellScriptBuildPhase;
			buildActionMask = 2147483647;
			files = (
			);
			inputPaths = (
			);
			name = "Embed Pods Frameworks";
			outputPaths = (
			);
			runOnlyForDeploymentPostprocessing = 0;
			shellPath = /bin/sh;
			shellScript = "\"${SRCROOT}/Pods/Target Support Files/Pods-DraggableImageView/Pods-DraggableImageView-frameworks.sh\"\n";
			showEnvVarsInLog = 0;
		};
/* End PBXShellScriptBuildPhase section */

/* Begin PBXSourcesBuildPhase section */
		D9F3BF711C54263F00382BE3 /* Sources */ = {
			isa = PBXSourcesBuildPhase;
			buildActionMask = 2147483647;
			files = (
				D9F3BF7B1C54263F00382BE3 /* ViewController.swift in Sources */,
				D9F3BF8B1C54265900382BE3 /* DraggableImageView.swift in Sources */,
				D9F3BF791C54263F00382BE3 /* AppDelegate.swift in Sources */,
			);
			runOnlyForDeploymentPostprocessing = 0;
		};
/* End PBXSourcesBuildPhase section */

/* Begin PBXVariantGroup section */
		D9F3BF7C1C54263F00382BE3 /* Main.storyboard */ = {
			isa = PBXVariantGroup;
			children = (
				D9F3BF7D1C54263F00382BE3 /* Base */,
			);
			name = Main.storyboard;
			sourceTree = "<group>";
		};
		D9F3BF811C54263F00382BE3 /* LaunchScreen.storyboard */ = {
			isa = PBXVariantGroup;
			children = (
				D9F3BF821C54263F00382BE3 /* Base */,
			);
			name = LaunchScreen.storyboard;
			sourceTree = "<group>";
		};
/* End PBXVariantGroup section */

/* Begin XCBuildConfiguration section */
		D9F3BF851C54263F00382BE3 /* Debug */ = {
			isa = XCBuildConfiguration;
			buildSettings = {
				ALWAYS_SEARCH_USER_PATHS = NO;
				CLANG_CXX_LANGUAGE_STANDARD = "gnu++0x";
				CLANG_CXX_LIBRARY = "libc++";
				CLANG_ENABLE_MODULES = YES;
				CLANG_ENABLE_OBJC_ARC = YES;
				CLANG_WARN_BOOL_CONVERSION = YES;
				CLANG_WARN_CONSTANT_CONVERSION = YES;
				CLANG_WARN_DIRECT_OBJC_ISA_USAGE = YES_ERROR;
				CLANG_WARN_EMPTY_BODY = YES;
				CLANG_WARN_ENUM_CONVERSION = YES;
				CLANG_WARN_INT_CONVERSION = YES;
				CLANG_WARN_OBJC_ROOT_CLASS = YES_ERROR;
				CLANG_WARN_UNREACHABLE_CODE = YES;
				CLANG_WARN__DUPLICATE_METHOD_MATCH = YES;
				"CODE_SIGN_IDENTITY[sdk=iphoneos*]" = "iPhone Developer";
				COPY_PHASE_STRIP = NO;
				DEBUG_INFORMATION_FORMAT = dwarf;
				ENABLE_STRICT_OBJC_MSGSEND = YES;
				ENABLE_TESTABILITY = YES;
				GCC_C_LANGUAGE_STANDARD = gnu99;
				GCC_DYNAMIC_NO_PIC = NO;
				GCC_NO_COMMON_BLOCKS = YES;
				GCC_OPTIMIZATION_LEVEL = 0;
				GCC_PREPROCESSOR_DEFINITIONS = (
					"DEBUG=1",
					"$(inherited)",
				);
				GCC_WARN_64_TO_32_BIT_CONVERSION = YES;
				GCC_WARN_ABOUT_RETURN_TYPE = YES_ERROR;
				GCC_WARN_UNDECLARED_SELECTOR = YES;
				GCC_WARN_UNINITIALIZED_AUTOS = YES_AGGRESSIVE;
				GCC_WARN_UNUSED_FUNCTION = YES;
				GCC_WARN_UNUSED_VARIABLE = YES;
				IPHONEOS_DEPLOYMENT_TARGET = 9.3;
				MTL_ENABLE_DEBUG_INFO = YES;
				ONLY_ACTIVE_ARCH = YES;
				SDKROOT = iphoneos;
				SWIFT_OPTIMIZATION_LEVEL = "-Onone";
			};
			name = Debug;
		};
		D9F3BF861C54263F00382BE3 /* Release */ = {
			isa = XCBuildConfiguration;
			buildSettings = {
				ALWAYS_SEARCH_USER_PATHS = NO;
				CLANG_CXX_LANGUAGE_STANDARD = "gnu++0x";
				CLANG_CXX_LIBRARY = "libc++";
				CLANG_ENABLE_MODULES = YES;
				CLANG_ENABLE_OBJC_ARC = YES;
				CLANG_WARN_BOOL_CONVERSION = YES;
				CLANG_WARN_CONSTANT_CONVERSION = YES;
				CLANG_WARN_DIRECT_OBJC_ISA_USAGE = YES_ERROR;
				CLANG_WARN_EMPTY_BODY = YES;
				CLANG_WARN_ENUM_CONVERSION = YES;
				CLANG_WARN_INT_CONVERSION = YES;
				CLANG_WARN_OBJC_ROOT_CLASS = YES_ERROR;
				CLANG_WARN_UNREACHABLE_CODE = YES;
				CLANG_WARN__DUPLICATE_METHOD_MATCH = YES;
				"CODE_SIGN_IDENTITY[sdk=iphoneos*]" = "iPhone Developer";
				COPY_PHASE_STRIP = NO;
				DEBUG_INFORMATION_FORMAT = "dwarf-with-dsym";
				ENABLE_NS_ASSERTIONS = NO;
				ENABLE_STRICT_OBJC_MSGSEND = YES;
				GCC_C_LANGUAGE_STANDARD = gnu99;
				GCC_NO_COMMON_BLOCKS = YES;
				GCC_WARN_64_TO_32_BIT_CONVERSION = YES;
				GCC_WARN_ABOUT_RETURN_TYPE = YES_ERROR;
				GCC_WARN_UNDECLARED_SELECTOR = YES;
				GCC_WARN_UNINITIALIZED_AUTOS = YES_AGGRESSIVE;
				GCC_WARN_UNUSED_FUNCTION = YES;
				GCC_WARN_UNUSED_VARIABLE = YES;
				IPHONEOS_DEPLOYMENT_TARGET = 9.3;
				MTL_ENABLE_DEBUG_INFO = NO;
				SDKROOT = iphoneos;
				VALIDATE_PRODUCT = YES;
			};
			name = Release;
		};
		D9F3BF881C54263F00382BE3 /* Debug */ = {
			isa = XCBuildConfiguration;
			baseConfigurationReference = 44ED35E82582630B7D80B4FE /* Pods-DraggableImageView.debug.xcconfig */;
			buildSettings = {
				ASSETCATALOG_COMPILER_APPICON_NAME = AppIcon;
				CODE_SIGN_IDENTITY = "iPhone Developer";
				"CODE_SIGN_IDENTITY[sdk=iphoneos*]" = "iPhone Developer";
				INFOPLIST_FILE = DraggableImageView/Info.plist;
				LD_RUNPATH_SEARCH_PATHS = "$(inherited) @executable_path/Frameworks";
				PRODUCT_BUNDLE_IDENTIFIER = com.mattblessed.DraggableImageView;
				PRODUCT_NAME = "$(TARGET_NAME)";
				PROVISIONING_PROFILE = "";
			};
			name = Debug;
		};
		D9F3BF891C54263F00382BE3 /* Release */ = {
			isa = XCBuildConfiguration;
			baseConfigurationReference = 42681D448CF11C8590306E1E /* Pods-DraggableImageView.release.xcconfig */;
			buildSettings = {
				ASSETCATALOG_COMPILER_APPICON_NAME = AppIcon;
				CODE_SIGN_IDENTITY = "iPhone Developer";
				"CODE_SIGN_IDENTITY[sdk=iphoneos*]" = "iPhone Developer";
				INFOPLIST_FILE = DraggableImageView/Info.plist;
				LD_RUNPATH_SEARCH_PATHS = "$(inherited) @executable_path/Frameworks";
				PRODUCT_BUNDLE_IDENTIFIER = com.mattblessed.DraggableImageView;
				PRODUCT_NAME = "$(TARGET_NAME)";
				PROVISIONING_PROFILE = "";
			};
			name = Release;
		};
/* End XCBuildConfiguration section */

/* Begin XCConfigurationList section */
		D9F3BF701C54263F00382BE3 /* Build configuration list for PBXProject "DraggableImageView" */ = {
			isa = XCConfigurationList;
			buildConfigurations = (
				D9F3BF851C54263F00382BE3 /* Debug */,
				D9F3BF861C54263F00382BE3 /* Release */,
			);
			defaultConfigurationIsVisible = 0;
			defaultConfigurationName = Release;
		};
		D9F3BF871C54263F00382BE3 /* Build configuration list for PBXNativeTarget "DraggableImageView" */ = {
			isa = XCConfigurationList;
			buildConfigurations = (
				D9F3BF881C54263F00382BE3 /* Debug */,
				D9F3BF891C54263F00382BE3 /* Release */,
			);
			defaultConfigurationIsVisible = 0;
			defaultConfigurationName = Release;
		};
/* End XCConfigurationList section */
	};
	rootObject = D9F3BF6D1C54263F00382BE3 /* Project object */;
}
